// !$*UTF8*$!
{
	archiveVersion = 1;
	classes = {
	};
	objectVersion = 56;
	objects = {

/* Begin PBXBuildFile section */
		CE6EE12F2C45698D00ED8D38 /* AppDelegate.swift in Sources */ = {isa = PBXBuildFile; fileRef = CE6EE12E2C45698D00ED8D38 /* AppDelegate.swift */; };
		CE6EE1312C45698D00ED8D38 /* SceneDelegate.swift in Sources */ = {isa = PBXBuildFile; fileRef = CE6EE1302C45698D00ED8D38 /* SceneDelegate.swift */; };
		CE6EE1332C45698D00ED8D38 /* HomeViewController.swift in Sources */ = {isa = PBXBuildFile; fileRef = CE6EE1322C45698D00ED8D38 /* HomeViewController.swift */; };
		CE6EE1382C45698E00ED8D38 /* Assets.xcassets in Resources */ = {isa = PBXBuildFile; fileRef = CE6EE1372C45698E00ED8D38 /* Assets.xcassets */; };
		CE6EE1602C456CC400ED8D38 /* BaseViewController.swift in Sources */ = {isa = PBXBuildFile; fileRef = CE6EE15F2C456CC400ED8D38 /* BaseViewController.swift */; };
		CE6EE1622C456CDF00ED8D38 /* BaseView.swift in Sources */ = {isa = PBXBuildFile; fileRef = CE6EE1612C456CDF00ED8D38 /* BaseView.swift */; };
		CE6EE1662C456D4900ED8D38 /* HomeView.swift in Sources */ = {isa = PBXBuildFile; fileRef = CE6EE1652C456D4900ED8D38 /* HomeView.swift */; };
		CE6EE1682C45717100ED8D38 /* HomeCoordinator.swift in Sources */ = {isa = PBXBuildFile; fileRef = CE6EE1672C45717100ED8D38 /* HomeCoordinator.swift */; };
		CE6EE16A2C4572A800ED8D38 /* HomeViewModel.swift in Sources */ = {isa = PBXBuildFile; fileRef = CE6EE1692C4572A700ED8D38 /* HomeViewModel.swift */; };
		CE6EE16C2C4575AD00ED8D38 /* Coordinator.swift in Sources */ = {isa = PBXBuildFile; fileRef = CE6EE16B2C4575AD00ED8D38 /* Coordinator.swift */; };
/* End PBXBuildFile section */

/* Begin PBXContainerItemProxy section */
		CE6EE1422C45698E00ED8D38 /* PBXContainerItemProxy */ = {
			isa = PBXContainerItemProxy;
			containerPortal = CE6EE1232C45698D00ED8D38 /* Project object */;
			proxyType = 1;
			remoteGlobalIDString = CE6EE12A2C45698D00ED8D38;
			remoteInfo = "Meu Guia";
		};
		CE6EE14C2C45698E00ED8D38 /* PBXContainerItemProxy */ = {
			isa = PBXContainerItemProxy;
			containerPortal = CE6EE1232C45698D00ED8D38 /* Project object */;
			proxyType = 1;
			remoteGlobalIDString = CE6EE12A2C45698D00ED8D38;
			remoteInfo = "Meu Guia";
		};
/* End PBXContainerItemProxy section */

/* Begin PBXFileReference section */
		CE6EE12B2C45698D00ED8D38 /* Meu Guia.app */ = {isa = PBXFileReference; explicitFileType = wrapper.application; includeInIndex = 0; path = "Meu Guia.app"; sourceTree = BUILT_PRODUCTS_DIR; };
		CE6EE12E2C45698D00ED8D38 /* AppDelegate.swift */ = {isa = PBXFileReference; lastKnownFileType = sourcecode.swift; path = AppDelegate.swift; sourceTree = "<group>"; };
		CE6EE1302C45698D00ED8D38 /* SceneDelegate.swift */ = {isa = PBXFileReference; lastKnownFileType = sourcecode.swift; path = SceneDelegate.swift; sourceTree = "<group>"; };
		CE6EE1322C45698D00ED8D38 /* HomeViewController.swift */ = {isa = PBXFileReference; lastKnownFileType = sourcecode.swift; path = HomeViewController.swift; sourceTree = "<group>"; };
		CE6EE1372C45698E00ED8D38 /* Assets.xcassets */ = {isa = PBXFileReference; lastKnownFileType = folder.assetcatalog; path = Assets.xcassets; sourceTree = "<group>"; };
		CE6EE13C2C45698E00ED8D38 /* Info.plist */ = {isa = PBXFileReference; lastKnownFileType = text.plist.xml; path = Info.plist; sourceTree = "<group>"; };
		CE6EE1412C45698E00ED8D38 /* Meu GuiaTests.xctest */ = {isa = PBXFileReference; explicitFileType = wrapper.cfbundle; includeInIndex = 0; path = "Meu GuiaTests.xctest"; sourceTree = BUILT_PRODUCTS_DIR; };
		CE6EE14B2C45698E00ED8D38 /* Meu GuiaUITests.xctest */ = {isa = PBXFileReference; explicitFileType = wrapper.cfbundle; includeInIndex = 0; path = "Meu GuiaUITests.xctest"; sourceTree = BUILT_PRODUCTS_DIR; };
		CE6EE15F2C456CC400ED8D38 /* BaseViewController.swift */ = {isa = PBXFileReference; lastKnownFileType = sourcecode.swift; path = BaseViewController.swift; sourceTree = "<group>"; };
		CE6EE1612C456CDF00ED8D38 /* BaseView.swift */ = {isa = PBXFileReference; lastKnownFileType = sourcecode.swift; path = BaseView.swift; sourceTree = "<group>"; };
		CE6EE1652C456D4900ED8D38 /* HomeView.swift */ = {isa = PBXFileReference; lastKnownFileType = sourcecode.swift; path = HomeView.swift; sourceTree = "<group>"; };
		CE6EE1672C45717100ED8D38 /* HomeCoordinator.swift */ = {isa = PBXFileReference; lastKnownFileType = sourcecode.swift; path = HomeCoordinator.swift; sourceTree = "<group>"; };
		CE6EE1692C4572A700ED8D38 /* HomeViewModel.swift */ = {isa = PBXFileReference; lastKnownFileType = sourcecode.swift; path = HomeViewModel.swift; sourceTree = "<group>"; };
		CE6EE16B2C4575AD00ED8D38 /* Coordinator.swift */ = {isa = PBXFileReference; lastKnownFileType = sourcecode.swift; path = Coordinator.swift; sourceTree = "<group>"; };
/* End PBXFileReference section */

/* Begin PBXFrameworksBuildPhase section */
		CE6EE1282C45698D00ED8D38 /* Frameworks */ = {
			isa = PBXFrameworksBuildPhase;
			buildActionMask = 2147483647;
			files = (
			);
			runOnlyForDeploymentPostprocessing = 0;
		};
		CE6EE13E2C45698E00ED8D38 /* Frameworks */ = {
			isa = PBXFrameworksBuildPhase;
			buildActionMask = 2147483647;
			files = (
			);
			runOnlyForDeploymentPostprocessing = 0;
		};
		CE6EE1482C45698E00ED8D38 /* Frameworks */ = {
			isa = PBXFrameworksBuildPhase;
			buildActionMask = 2147483647;
			files = (
			);
			runOnlyForDeploymentPostprocessing = 0;
		};
/* End PBXFrameworksBuildPhase section */

/* Begin PBXGroup section */
		CE6EE1222C45698D00ED8D38 = {
			isa = PBXGroup;
			children = (
				CE6EE12D2C45698D00ED8D38 /* Meu Guia */,
				CE6EE12C2C45698D00ED8D38 /* Products */,
			);
			sourceTree = "<group>";
		};
		CE6EE12C2C45698D00ED8D38 /* Products */ = {
			isa = PBXGroup;
			children = (
				CE6EE12B2C45698D00ED8D38 /* Meu Guia.app */,
				CE6EE1412C45698E00ED8D38 /* Meu GuiaTests.xctest */,
				CE6EE14B2C45698E00ED8D38 /* Meu GuiaUITests.xctest */,
			);
			name = Products;
			sourceTree = "<group>";
		};
		CE6EE12D2C45698D00ED8D38 /* Meu Guia */ = {
			isa = PBXGroup;
			children = (
				CE6EE1632C456D2F00ED8D38 /* Scenes */,
				CE6EE15E2C456CB000ED8D38 /* Utils */,
				CE6EE12E2C45698D00ED8D38 /* AppDelegate.swift */,
				CE6EE1302C45698D00ED8D38 /* SceneDelegate.swift */,
				CE6EE1372C45698E00ED8D38 /* Assets.xcassets */,
				CE6EE13C2C45698E00ED8D38 /* Info.plist */,
			);
			path = "Meu Guia";
			sourceTree = "<group>";
		};
		CE6EE15E2C456CB000ED8D38 /* Utils */ = {
			isa = PBXGroup;
			children = (
				CE6EE15F2C456CC400ED8D38 /* BaseViewController.swift */,
				CE6EE1612C456CDF00ED8D38 /* BaseView.swift */,
				CE6EE16B2C4575AD00ED8D38 /* Coordinator.swift */,
			);
			path = Utils;
			sourceTree = "<group>";
		};
		CE6EE1632C456D2F00ED8D38 /* Scenes */ = {
			isa = PBXGroup;
			children = (
				CE6EE1642C456D3700ED8D38 /* Home */,
			);
			path = Scenes;
			sourceTree = "<group>";
		};
		CE6EE1642C456D3700ED8D38 /* Home */ = {
			isa = PBXGroup;
			children = (
				CE6EE1672C45717100ED8D38 /* HomeCoordinator.swift */,
				CE6EE1322C45698D00ED8D38 /* HomeViewController.swift */,
				CE6EE1652C456D4900ED8D38 /* HomeView.swift */,
				CE6EE1692C4572A700ED8D38 /* HomeViewModel.swift */,
			);
			path = Home;
			sourceTree = "<group>";
		};
/* End PBXGroup section */

/* Begin PBXNativeTarget section */
		CE6EE12A2C45698D00ED8D38 /* Meu Guia */ = {
			isa = PBXNativeTarget;
			buildConfigurationList = CE6EE1552C45698E00ED8D38 /* Build configuration list for PBXNativeTarget "Meu Guia" */;
			buildPhases = (
				CE6EE1272C45698D00ED8D38 /* Sources */,
				CE6EE1282C45698D00ED8D38 /* Frameworks */,
				CE6EE1292C45698D00ED8D38 /* Resources */,
				CE37737B2C457BE80050167C /* ShellScript */,
			);
			buildRules = (
			);
			dependencies = (
			);
			name = "Meu Guia";
			productName = "Meu Guia";
			productReference = CE6EE12B2C45698D00ED8D38 /* Meu Guia.app */;
			productType = "com.apple.product-type.application";
		};
		CE6EE1402C45698E00ED8D38 /* Meu GuiaTests */ = {
			isa = PBXNativeTarget;
			buildConfigurationList = CE6EE1582C45698E00ED8D38 /* Build configuration list for PBXNativeTarget "Meu GuiaTests" */;
			buildPhases = (
				CE6EE13D2C45698E00ED8D38 /* Sources */,
				CE6EE13E2C45698E00ED8D38 /* Frameworks */,
				CE6EE13F2C45698E00ED8D38 /* Resources */,
			);
			buildRules = (
			);
			dependencies = (
				CE6EE1432C45698E00ED8D38 /* PBXTargetDependency */,
			);
			name = "Meu GuiaTests";
			productName = "Meu GuiaTests";
			productReference = CE6EE1412C45698E00ED8D38 /* Meu GuiaTests.xctest */;
			productType = "com.apple.product-type.bundle.unit-test";
		};
		CE6EE14A2C45698E00ED8D38 /* Meu GuiaUITests */ = {
			isa = PBXNativeTarget;
			buildConfigurationList = CE6EE15B2C45698E00ED8D38 /* Build configuration list for PBXNativeTarget "Meu GuiaUITests" */;
			buildPhases = (
				CE6EE1472C45698E00ED8D38 /* Sources */,
				CE6EE1482C45698E00ED8D38 /* Frameworks */,
				CE6EE1492C45698E00ED8D38 /* Resources */,
			);
			buildRules = (
			);
			dependencies = (
				CE6EE14D2C45698E00ED8D38 /* PBXTargetDependency */,
			);
			name = "Meu GuiaUITests";
			productName = "Meu GuiaUITests";
			productReference = CE6EE14B2C45698E00ED8D38 /* Meu GuiaUITests.xctest */;
			productType = "com.apple.product-type.bundle.ui-testing";
		};
/* End PBXNativeTarget section */

/* Begin PBXProject section */
		CE6EE1232C45698D00ED8D38 /* Project object */ = {
			isa = PBXProject;
			attributes = {
				BuildIndependentTargetsInParallel = 1;
				LastSwiftUpdateCheck = 1520;
				LastUpgradeCheck = 1520;
				TargetAttributes = {
					CE6EE12A2C45698D00ED8D38 = {
						CreatedOnToolsVersion = 15.2;
					};
					CE6EE1402C45698E00ED8D38 = {
						CreatedOnToolsVersion = 15.2;
						TestTargetID = CE6EE12A2C45698D00ED8D38;
					};
					CE6EE14A2C45698E00ED8D38 = {
						CreatedOnToolsVersion = 15.2;
						TestTargetID = CE6EE12A2C45698D00ED8D38;
					};
				};
			};
			buildConfigurationList = CE6EE1262C45698D00ED8D38 /* Build configuration list for PBXProject "Meu Guia" */;
			compatibilityVersion = "Xcode 14.0";
			developmentRegion = en;
			hasScannedForEncodings = 0;
			knownRegions = (
				en,
				Base,
			);
			mainGroup = CE6EE1222C45698D00ED8D38;
			productRefGroup = CE6EE12C2C45698D00ED8D38 /* Products */;
			projectDirPath = "";
			projectRoot = "";
			targets = (
				CE6EE12A2C45698D00ED8D38 /* Meu Guia */,
				CE6EE1402C45698E00ED8D38 /* Meu GuiaTests */,
				CE6EE14A2C45698E00ED8D38 /* Meu GuiaUITests */,
			);
		};
/* End PBXProject section */

/* Begin PBXResourcesBuildPhase section */
		CE6EE1292C45698D00ED8D38 /* Resources */ = {
			isa = PBXResourcesBuildPhase;
			buildActionMask = 2147483647;
			files = (
				CE6EE1382C45698E00ED8D38 /* Assets.xcassets in Resources */,
			);
			runOnlyForDeploymentPostprocessing = 0;
		};
		CE6EE13F2C45698E00ED8D38 /* Resources */ = {
			isa = PBXResourcesBuildPhase;
			buildActionMask = 2147483647;
			files = (
			);
			runOnlyForDeploymentPostprocessing = 0;
		};
		CE6EE1492C45698E00ED8D38 /* Resources */ = {
			isa = PBXResourcesBuildPhase;
			buildActionMask = 2147483647;
			files = (
			);
			runOnlyForDeploymentPostprocessing = 0;
		};
/* End PBXResourcesBuildPhase section */

/* Begin PBXShellScriptBuildPhase section */
		CE37737B2C457BE80050167C /* ShellScript */ = {
			isa = PBXShellScriptBuildPhase;
			buildActionMask = 2147483647;
			files = (
			);
			inputFileListPaths = (
			);
			inputPaths = (
			);
			outputFileListPaths = (
			);
			outputPaths = (
			);
			runOnlyForDeploymentPostprocessing = 0;
			shellPath = /bin/sh;
			shellScript = "if which swiftlint >/dev/null; then\n  swiftlint\nelse\n  echo \"warning: SwiftLint not installed, download from https://github.com/realm/SwiftLint\"\nfi\n";
		};
/* End PBXShellScriptBuildPhase section */

/* Begin PBXSourcesBuildPhase section */
		CE6EE1272C45698D00ED8D38 /* Sources */ = {
			isa = PBXSourcesBuildPhase;
			buildActionMask = 2147483647;
			files = (
				CE6EE1332C45698D00ED8D38 /* HomeViewController.swift in Sources */,
				CE6EE1602C456CC400ED8D38 /* BaseViewController.swift in Sources */,
				CE6EE1622C456CDF00ED8D38 /* BaseView.swift in Sources */,
				CE6EE16A2C4572A800ED8D38 /* HomeViewModel.swift in Sources */,
				CE6EE1662C456D4900ED8D38 /* HomeView.swift in Sources */,
				CE6EE12F2C45698D00ED8D38 /* AppDelegate.swift in Sources */,
				CE6EE1682C45717100ED8D38 /* HomeCoordinator.swift in Sources */,
				CE6EE1312C45698D00ED8D38 /* SceneDelegate.swift in Sources */,
				CE6EE16C2C4575AD00ED8D38 /* Coordinator.swift in Sources */,
			);
			runOnlyForDeploymentPostprocessing = 0;
		};
		CE6EE13D2C45698E00ED8D38 /* Sources */ = {
			isa = PBXSourcesBuildPhase;
			buildActionMask = 2147483647;
			files = (
			);
			runOnlyForDeploymentPostprocessing = 0;
		};
		CE6EE1472C45698E00ED8D38 /* Sources */ = {
			isa = PBXSourcesBuildPhase;
			buildActionMask = 2147483647;
			files = (
			);
			runOnlyForDeploymentPostprocessing = 0;
		};
/* End PBXSourcesBuildPhase section */

/* Begin PBXTargetDependency section */
		CE6EE1432C45698E00ED8D38 /* PBXTargetDependency */ = {
			isa = PBXTargetDependency;
			target = CE6EE12A2C45698D00ED8D38 /* Meu Guia */;
			targetProxy = CE6EE1422C45698E00ED8D38 /* PBXContainerItemProxy */;
		};
		CE6EE14D2C45698E00ED8D38 /* PBXTargetDependency */ = {
			isa = PBXTargetDependency;
			target = CE6EE12A2C45698D00ED8D38 /* Meu Guia */;
			targetProxy = CE6EE14C2C45698E00ED8D38 /* PBXContainerItemProxy */;
		};
/* End PBXTargetDependency section */

/* Begin XCBuildConfiguration section */
		CE6EE1532C45698E00ED8D38 /* Debug */ = {
			isa = XCBuildConfiguration;
			buildSettings = {
				ALWAYS_SEARCH_USER_PATHS = NO;
				ASSETCATALOG_COMPILER_GENERATE_SWIFT_ASSET_SYMBOL_EXTENSIONS = YES;
				CLANG_ANALYZER_NONNULL = YES;
				CLANG_ANALYZER_NUMBER_OBJECT_CONVERSION = YES_AGGRESSIVE;
				CLANG_CXX_LANGUAGE_STANDARD = "gnu++20";
				CLANG_ENABLE_MODULES = YES;
				CLANG_ENABLE_OBJC_ARC = YES;
				CLANG_ENABLE_OBJC_WEAK = YES;
				CLANG_WARN_BLOCK_CAPTURE_AUTORELEASING = YES;
				CLANG_WARN_BOOL_CONVERSION = YES;
				CLANG_WARN_COMMA = YES;
				CLANG_WARN_CONSTANT_CONVERSION = YES;
				CLANG_WARN_DEPRECATED_OBJC_IMPLEMENTATIONS = YES;
				CLANG_WARN_DIRECT_OBJC_ISA_USAGE = YES_ERROR;
				CLANG_WARN_DOCUMENTATION_COMMENTS = YES;
				CLANG_WARN_EMPTY_BODY = YES;
				CLANG_WARN_ENUM_CONVERSION = YES;
				CLANG_WARN_INFINITE_RECURSION = YES;
				CLANG_WARN_INT_CONVERSION = YES;
				CLANG_WARN_NON_LITERAL_NULL_CONVERSION = YES;
				CLANG_WARN_OBJC_IMPLICIT_RETAIN_SELF = YES;
				CLANG_WARN_OBJC_LITERAL_CONVERSION = YES;
				CLANG_WARN_OBJC_ROOT_CLASS = YES_ERROR;
				CLANG_WARN_QUOTED_INCLUDE_IN_FRAMEWORK_HEADER = YES;
				CLANG_WARN_RANGE_LOOP_ANALYSIS = YES;
				CLANG_WARN_STRICT_PROTOTYPES = YES;
				CLANG_WARN_SUSPICIOUS_MOVE = YES;
				CLANG_WARN_UNGUARDED_AVAILABILITY = YES_AGGRESSIVE;
				CLANG_WARN_UNREACHABLE_CODE = YES;
				CLANG_WARN__DUPLICATE_METHOD_MATCH = YES;
				COPY_PHASE_STRIP = NO;
				DEBUG_INFORMATION_FORMAT = dwarf;
				ENABLE_STRICT_OBJC_MSGSEND = YES;
				ENABLE_TESTABILITY = YES;
				ENABLE_USER_SCRIPT_SANDBOXING = YES;
				GCC_C_LANGUAGE_STANDARD = gnu17;
				GCC_DYNAMIC_NO_PIC = NO;
				GCC_NO_COMMON_BLOCKS = YES;
				GCC_OPTIMIZATION_LEVEL = 0;
				GCC_PREPROCESSOR_DEFINITIONS = (
					"DEBUG=1",
					"$(inherited)",
				);
				GCC_WARN_64_TO_32_BIT_CONVERSION = YES;
				GCC_WARN_ABOUT_RETURN_TYPE = YES_ERROR;
				GCC_WARN_UNDECLARED_SELECTOR = YES;
				GCC_WARN_UNINITIALIZED_AUTOS = YES_AGGRESSIVE;
				GCC_WARN_UNUSED_FUNCTION = YES;
				GCC_WARN_UNUSED_VARIABLE = YES;
				IPHONEOS_DEPLOYMENT_TARGET = 17.2;
				LOCALIZATION_PREFERS_STRING_CATALOGS = YES;
				MTL_ENABLE_DEBUG_INFO = INCLUDE_SOURCE;
				MTL_FAST_MATH = YES;
				ONLY_ACTIVE_ARCH = YES;
				SDKROOT = iphoneos;
				SWIFT_ACTIVE_COMPILATION_CONDITIONS = "DEBUG $(inherited)";
				SWIFT_OPTIMIZATION_LEVEL = "-Onone";
			};
			name = Debug;
		};
		CE6EE1542C45698E00ED8D38 /* Release */ = {
			isa = XCBuildConfiguration;
			buildSettings = {
				ALWAYS_SEARCH_USER_PATHS = NO;
				ASSETCATALOG_COMPILER_GENERATE_SWIFT_ASSET_SYMBOL_EXTENSIONS = YES;
				CLANG_ANALYZER_NONNULL = YES;
				CLANG_ANALYZER_NUMBER_OBJECT_CONVERSION = YES_AGGRESSIVE;
				CLANG_CXX_LANGUAGE_STANDARD = "gnu++20";
				CLANG_ENABLE_MODULES = YES;
				CLANG_ENABLE_OBJC_ARC = YES;
				CLANG_ENABLE_OBJC_WEAK = YES;
				CLANG_WARN_BLOCK_CAPTURE_AUTORELEASING = YES;
				CLANG_WARN_BOOL_CONVERSION = YES;
				CLANG_WARN_COMMA = YES;
				CLANG_WARN_CONSTANT_CONVERSION = YES;
				CLANG_WARN_DEPRECATED_OBJC_IMPLEMENTATIONS = YES;
				CLANG_WARN_DIRECT_OBJC_ISA_USAGE = YES_ERROR;
				CLANG_WARN_DOCUMENTATION_COMMENTS = YES;
				CLANG_WARN_EMPTY_BODY = YES;
				CLANG_WARN_ENUM_CONVERSION = YES;
				CLANG_WARN_INFINITE_RECURSION = YES;
				CLANG_WARN_INT_CONVERSION = YES;
				CLANG_WARN_NON_LITERAL_NULL_CONVERSION = YES;
				CLANG_WARN_OBJC_IMPLICIT_RETAIN_SELF = YES;
				CLANG_WARN_OBJC_LITERAL_CONVERSION = YES;
				CLANG_WARN_OBJC_ROOT_CLASS = YES_ERROR;
				CLANG_WARN_QUOTED_INCLUDE_IN_FRAMEWORK_HEADER = YES;
				CLANG_WARN_RANGE_LOOP_ANALYSIS = YES;
				CLANG_WARN_STRICT_PROTOTYPES = YES;
				CLANG_WARN_SUSPICIOUS_MOVE = YES;
				CLANG_WARN_UNGUARDED_AVAILABILITY = YES_AGGRESSIVE;
				CLANG_WARN_UNREACHABLE_CODE = YES;
				CLANG_WARN__DUPLICATE_METHOD_MATCH = YES;
				COPY_PHASE_STRIP = NO;
				DEBUG_INFORMATION_FORMAT = "dwarf-with-dsym";
				ENABLE_NS_ASSERTIONS = NO;
				ENABLE_STRICT_OBJC_MSGSEND = YES;
				ENABLE_USER_SCRIPT_SANDBOXING = YES;
				GCC_C_LANGUAGE_STANDARD = gnu17;
				GCC_NO_COMMON_BLOCKS = YES;
				GCC_WARN_64_TO_32_BIT_CONVERSION = YES;
				GCC_WARN_ABOUT_RETURN_TYPE = YES_ERROR;
				GCC_WARN_UNDECLARED_SELECTOR = YES;
				GCC_WARN_UNINITIALIZED_AUTOS = YES_AGGRESSIVE;
				GCC_WARN_UNUSED_FUNCTION = YES;
				GCC_WARN_UNUSED_VARIABLE = YES;
				IPHONEOS_DEPLOYMENT_TARGET = 17.2;
				LOCALIZATION_PREFERS_STRING_CATALOGS = YES;
				MTL_ENABLE_DEBUG_INFO = NO;
				MTL_FAST_MATH = YES;
				SDKROOT = iphoneos;
				SWIFT_COMPILATION_MODE = wholemodule;
				VALIDATE_PRODUCT = YES;
			};
			name = Release;
		};
		CE6EE1562C45698E00ED8D38 /* Debug */ = {
			isa = XCBuildConfiguration;
			buildSettings = {
				ASSETCATALOG_COMPILER_APPICON_NAME = AppIcon;
				ASSETCATALOG_COMPILER_GLOBAL_ACCENT_COLOR_NAME = AccentColor;
				CODE_SIGN_STYLE = Automatic;
				CURRENT_PROJECT_VERSION = 1;
				DEVELOPMENT_TEAM = FFB3YFS8K2;
				ENABLE_USER_SCRIPT_SANDBOXING = NO;
				GENERATE_INFOPLIST_FILE = YES;
				INFOPLIST_FILE = "Meu Guia/Info.plist";
				INFOPLIST_KEY_UIApplicationSupportsIndirectInputEvents = YES;
				INFOPLIST_KEY_UILaunchStoryboardName = LaunchScreen;
				INFOPLIST_KEY_UISupportedInterfaceOrientations_iPad = "UIInterfaceOrientationPortrait UIInterfaceOrientationPortraitUpsideDown UIInterfaceOrientationLandscapeLeft UIInterfaceOrientationLandscapeRight";
				INFOPLIST_KEY_UISupportedInterfaceOrientations_iPhone = "UIInterfaceOrientationPortrait UIInterfaceOrientationLandscapeLeft UIInterfaceOrientationLandscapeRight";
				LD_RUNPATH_SEARCH_PATHS = (
					"$(inherited)",
					"@executable_path/Frameworks",
				);
				MARKETING_VERSION = 1.0;
				PRODUCT_BUNDLE_IDENTIFIER = "br.com.matheusLoch.Meu-Guia";
				PRODUCT_NAME = "$(TARGET_NAME)";
				SWIFT_EMIT_LOC_STRINGS = YES;
				SWIFT_VERSION = 5.0;
				TARGETED_DEVICE_FAMILY = "1,2";
			};
			name = Debug;
		};
		CE6EE1572C45698E00ED8D38 /* Release */ = {
			isa = XCBuildConfiguration;
			buildSettings = {
				ASSETCATALOG_COMPILER_APPICON_NAME = AppIcon;
				ASSETCATALOG_COMPILER_GLOBAL_ACCENT_COLOR_NAME = AccentColor;
				CODE_SIGN_STYLE = Automatic;
				CURRENT_PROJECT_VERSION = 1;
				DEVELOPMENT_TEAM = FFB3YFS8K2;
				ENABLE_USER_SCRIPT_SANDBOXING = NO;
				GENERATE_INFOPLIST_FILE = YES;
				INFOPLIST_FILE = "Meu Guia/Info.plist";
				INFOPLIST_KEY_UIApplicationSupportsIndirectInputEvents = YES;
				INFOPLIST_KEY_UILaunchStoryboardName = LaunchScreen;
				INFOPLIST_KEY_UISupportedInterfaceOrientations_iPad = "UIInterfaceOrientationPortrait UIInterfaceOrientationPortraitUpsideDown UIInterfaceOrientationLandscapeLeft UIInterfaceOrientationLandscapeRight";
				INFOPLIST_KEY_UISupportedInterfaceOrientations_iPhone = "UIInterfaceOrientationPortrait UIInterfaceOrientationLandscapeLeft UIInterfaceOrientationLandscapeRight";
				LD_RUNPATH_SEARCH_PATHS = (
					"$(inherited)",
					"@executable_path/Frameworks",
				);
				MARKETING_VERSION = 1.0;
				PRODUCT_BUNDLE_IDENTIFIER = "br.com.matheusLoch.Meu-Guia";
				PRODUCT_NAME = "$(TARGET_NAME)";
				SWIFT_EMIT_LOC_STRINGS = YES;
				SWIFT_VERSION = 5.0;
				TARGETED_DEVICE_FAMILY = "1,2";
			};
			name = Release;
		};
		CE6EE1592C45698E00ED8D38 /* Debug */ = {
			isa = XCBuildConfiguration;
			buildSettings = {
				ALWAYS_EMBED_SWIFT_STANDARD_LIBRARIES = YES;
				BUNDLE_LOADER = "$(TEST_HOST)";
				CODE_SIGN_STYLE = Automatic;
				CURRENT_PROJECT_VERSION = 1;
				DEVELOPMENT_TEAM = FFB3YFS8K2;
				GENERATE_INFOPLIST_FILE = YES;
				IPHONEOS_DEPLOYMENT_TARGET = 17.2;
				MARKETING_VERSION = 1.0;
				PRODUCT_BUNDLE_IDENTIFIER = "br.com.matheusLoch.Meu-GuiaTests";
				PRODUCT_NAME = "$(TARGET_NAME)";
				SWIFT_EMIT_LOC_STRINGS = NO;
				SWIFT_VERSION = 5.0;
				TARGETED_DEVICE_FAMILY = "1,2";
				TEST_HOST = "$(BUILT_PRODUCTS_DIR)/Meu Guia.app/$(BUNDLE_EXECUTABLE_FOLDER_PATH)/Meu Guia";
			};
			name = Debug;
		};
		CE6EE15A2C45698E00ED8D38 /* Release */ = {
			isa = XCBuildConfiguration;
			buildSettings = {
				ALWAYS_EMBED_SWIFT_STANDARD_LIBRARIES = YES;
				BUNDLE_LOADER = "$(TEST_HOST)";
				CODE_SIGN_STYLE = Automatic;
				CURRENT_PROJECT_VERSION = 1;
				DEVELOPMENT_TEAM = FFB3YFS8K2;
				GENERATE_INFOPLIST_FILE = YES;
				IPHONEOS_DEPLOYMENT_TARGET = 17.2;
				MARKETING_VERSION = 1.0;
				PRODUCT_BUNDLE_IDENTIFIER = "br.com.matheusLoch.Meu-GuiaTests";
				PRODUCT_NAME = "$(TARGET_NAME)";
				SWIFT_EMIT_LOC_STRINGS = NO;
				SWIFT_VERSION = 5.0;
				TARGETED_DEVICE_FAMILY = "1,2";
				TEST_HOST = "$(BUILT_PRODUCTS_DIR)/Meu Guia.app/$(BUNDLE_EXECUTABLE_FOLDER_PATH)/Meu Guia";
			};
			name = Release;
		};
		CE6EE15C2C45698E00ED8D38 /* Debug */ = {
			isa = XCBuildConfiguration;
			buildSettings = {
				ALWAYS_EMBED_SWIFT_STANDARD_LIBRARIES = YES;
				CODE_SIGN_STYLE = Automatic;
				CURRENT_PROJECT_VERSION = 1;
				DEVELOPMENT_TEAM = FFB3YFS8K2;
				GENERATE_INFOPLIST_FILE = YES;
				MARKETING_VERSION = 1.0;
				PRODUCT_BUNDLE_IDENTIFIER = "br.com.matheusLoch.Meu-GuiaUITests";
				PRODUCT_NAME = "$(TARGET_NAME)";
				SWIFT_EMIT_LOC_STRINGS = NO;
				SWIFT_VERSION = 5.0;
				TARGETED_DEVICE_FAMILY = "1,2";
				TEST_TARGET_NAME = "Meu Guia";
			};
			name = Debug;
		};
		CE6EE15D2C45698E00ED8D38 /* Release */ = {
			isa = XCBuildConfiguration;
			buildSettings = {
				ALWAYS_EMBED_SWIFT_STANDARD_LIBRARIES = YES;
				CODE_SIGN_STYLE = Automatic;
				CURRENT_PROJECT_VERSION = 1;
				DEVELOPMENT_TEAM = FFB3YFS8K2;
				GENERATE_INFOPLIST_FILE = YES;
				MARKETING_VERSION = 1.0;
				PRODUCT_BUNDLE_IDENTIFIER = "br.com.matheusLoch.Meu-GuiaUITests";
				PRODUCT_NAME = "$(TARGET_NAME)";
				SWIFT_EMIT_LOC_STRINGS = NO;
				SWIFT_VERSION = 5.0;
				TARGETED_DEVICE_FAMILY = "1,2";
				TEST_TARGET_NAME = "Meu Guia";
			};
			name = Release;
		};
/* End XCBuildConfiguration section */

/* Begin XCConfigurationList section */
		CE6EE1262C45698D00ED8D38 /* Build configuration list for PBXProject "Meu Guia" */ = {
			isa = XCConfigurationList;
			buildConfigurations = (
				CE6EE1532C45698E00ED8D38 /* Debug */,
				CE6EE1542C45698E00ED8D38 /* Release */,
			);
			defaultConfigurationIsVisible = 0;
			defaultConfigurationName = Release;
		};
		CE6EE1552C45698E00ED8D38 /* Build configuration list for PBXNativeTarget "Meu Guia" */ = {
			isa = XCConfigurationList;
			buildConfigurations = (
				CE6EE1562C45698E00ED8D38 /* Debug */,
				CE6EE1572C45698E00ED8D38 /* Release */,
			);
			defaultConfigurationIsVisible = 0;
			defaultConfigurationName = Release;
		};
		CE6EE1582C45698E00ED8D38 /* Build configuration list for PBXNativeTarget "Meu GuiaTests" */ = {
			isa = XCConfigurationList;
			buildConfigurations = (
				CE6EE1592C45698E00ED8D38 /* Debug */,
				CE6EE15A2C45698E00ED8D38 /* Release */,
			);
			defaultConfigurationIsVisible = 0;
			defaultConfigurationName = Release;
		};
		CE6EE15B2C45698E00ED8D38 /* Build configuration list for PBXNativeTarget "Meu GuiaUITests" */ = {
			isa = XCConfigurationList;
			buildConfigurations = (
				CE6EE15C2C45698E00ED8D38 /* Debug */,
				CE6EE15D2C45698E00ED8D38 /* Release */,
			);
			defaultConfigurationIsVisible = 0;
			defaultConfigurationName = Release;
		};
/* End XCConfigurationList section */
	};
	rootObject = CE6EE1232C45698D00ED8D38 /* Project object */;
}
